
Microsoft Visual Studio Solution File, Format Version 12.00
# Visual Studio Version 17
VisualStudioVersion = 17.14.36221.1 d17.14
MinimumVisualStudioVersion = 10.0.40219.1
Project("{FAE04EC0-301F-11D3-BF4B-00C04F79EFBC}") = "WebApplication1", "WebApplication1\WebApplication1.csproj", "{8DE9302F-DE58-47F3-85BC-781354281657}"
EndProject
Global
	GlobalSection(SolutionConfigurationPlatforms) = preSolution
		Debug|Any CPU = Debug|Any CPU
		Release|Any CPU = Release|Any CPU
	EndGlobalSection
	GlobalSection(ProjectConfigurationPlatforms) = postSolution
		{8DE9302F-DE58-47F3-85BC-781354281657}.Debug|Any CPU.ActiveCfg = Debug|Any CPU
		{8DE9302F-DE58-47F3-85BC-781354281657}.Debug|Any CPU.Build.0 = Debug|Any CPU
		{8DE9302F-DE58-47F3-85BC-781354281657}.Release|Any CPU.ActiveCfg = Release|Any CPU
		{8DE9302F-DE58-47F3-85BC-781354281657}.Release|Any CPU.Build.0 = Release|Any CPU
	EndGlobalSection
	GlobalSection(SolutionProperties) = preSolution
		HideSolutionNode = FALSE
	EndGlobalSection
	GlobalSection(ExtensibilityGlobals) = postSolution
		SolutionGuid = {5539E4A3-3274-402E-9CBD-550AD64EB318}
	EndGlobalSection
EndGlobal
